
Microsoft Visual Studio Solution File, Format Version 12.00
# Visual Studio Version 16
VisualStudioVersion = 16.0.31410.357
MinimumVisualStudioVersion = 10.0.40219.1
Project("{FAE04EC0-301F-11D3-BF4B-00C04F79EFBC}") = "controle", "controle.csproj", "{9D36C6E5-1DDE-4EAF-A7EC-B7CA6A624342}"
EndProject
Global
	GlobalSection(SolutionConfigurationPlatforms) = preSolution
		Debug|Any CPU = Debug|Any CPU
		Release|Any CPU = Release|Any CPU
	EndGlobalSection
	GlobalSection(ProjectConfigurationPlatforms) = postSolution
		{9D36C6E5-1DDE-4EAF-A7EC-B7CA6A624342}.Debug|Any CPU.ActiveCfg = Debug|Any CPU
		{9D36C6E5-1DDE-4EAF-A7EC-B7CA6A624342}.Debug|Any CPU.Build.0 = Debug|Any CPU
		{9D36C6E5-1DDE-4EAF-A7EC-B7CA6A624342}.Release|Any CPU.ActiveCfg = Release|Any CPU
		{9D36C6E5-1DDE-4EAF-A7EC-B7CA6A624342}.Release|Any CPU.Build.0 = Release|Any CPU
	EndGlobalSection
	GlobalSection(SolutionProperties) = preSolution
		HideSolutionNode = FALSE
	EndGlobalSection
	GlobalSection(ExtensibilityGlobals) = postSolution
		SolutionGuid = {9C67FFE6-ABE7-412E-8B70-431C74EB889F}
	EndGlobalSection
EndGlobal
